
Microsoft Visual Studio Solution File, Format Version 12.00
# Visual Studio Version 17
VisualStudioVersion = 17.9.34902.65
MinimumVisualStudioVersion = 10.0.40219.1
Project("{FAE04EC0-301F-11D3-BF4B-00C04F79EFBC}") = "LINQ2", "LINQ-2\LINQ2.csproj", "{96FB56A7-7393-47FD-8DCC-04C7E06E4CE1}"
EndProject
Global
	GlobalSection(SolutionConfigurationPlatforms) = preSolution
		Debug|Any CPU = Debug|Any CPU
		Release|Any CPU = Release|Any CPU
	EndGlobalSection
	GlobalSection(ProjectConfigurationPlatforms) = postSolution
		{96FB56A7-7393-47FD-8DCC-04C7E06E4CE1}.Debug|Any CPU.ActiveCfg = Debug|Any CPU
		{96FB56A7-7393-47FD-8DCC-04C7E06E4CE1}.Debug|Any CPU.Build.0 = Debug|Any CPU
		{96FB56A7-7393-47FD-8DCC-04C7E06E4CE1}.Release|Any CPU.ActiveCfg = Release|Any CPU
		{96FB56A7-7393-47FD-8DCC-04C7E06E4CE1}.Release|Any CPU.Build.0 = Release|Any CPU
	EndGlobalSection
	GlobalSection(SolutionProperties) = preSolution
		HideSolutionNode = FALSE
	EndGlobalSection
	GlobalSection(ExtensibilityGlobals) = postSolution
		SolutionGuid = {9639AF12-A79C-44F1-B0AA-D727AC9115B1}
	EndGlobalSection
EndGlobal
